
Microsoft Visual Studio Solution File, Format Version 12.00
# Visual Studio Version 16
VisualStudioVersion = 16.0.30320.27
MinimumVisualStudioVersion = 10.0.40219.1
Project("{9A19103F-16F7-4668-BE54-9A1E7A4F7556}") = "RIFS.Crypto", "RIFS.Crypto\RIFS.Crypto.csproj", "{8D5B11F0-D399-4379-BB23-9BB3BC314845}"
EndProject
Project("{FAE04EC0-301F-11D3-BF4B-00C04F79EFBC}") = "RIFS.Crypto.Sample", "RIFS.Crypto.Sample\RIFS.Crypto.Sample.csproj", "{C8CA3CA1-342D-4497-A576-1D87D13A0210}"
EndProject
Global
	GlobalSection(SolutionConfigurationPlatforms) = preSolution
		Debug|Any CPU = Debug|Any CPU
		Release|Any CPU = Release|Any CPU
	EndGlobalSection
	GlobalSection(ProjectConfigurationPlatforms) = postSolution
		{8D5B11F0-D399-4379-BB23-9BB3BC314845}.Debug|Any CPU.ActiveCfg = Debug|Any CPU
		{8D5B11F0-D399-4379-BB23-9BB3BC314845}.Debug|Any CPU.Build.0 = Debug|Any CPU
		{8D5B11F0-D399-4379-BB23-9BB3BC314845}.Release|Any CPU.ActiveCfg = Release|Any CPU
		{8D5B11F0-D399-4379-BB23-9BB3BC314845}.Release|Any CPU.Build.0 = Release|Any CPU
		{C8CA3CA1-342D-4497-A576-1D87D13A0210}.Debug|Any CPU.ActiveCfg = Debug|Any CPU
		{C8CA3CA1-342D-4497-A576-1D87D13A0210}.Debug|Any CPU.Build.0 = Debug|Any CPU
		{C8CA3CA1-342D-4497-A576-1D87D13A0210}.Release|Any CPU.ActiveCfg = Release|Any CPU
		{C8CA3CA1-342D-4497-A576-1D87D13A0210}.Release|Any CPU.Build.0 = Release|Any CPU
	EndGlobalSection
	GlobalSection(SolutionProperties) = preSolution
		HideSolutionNode = FALSE
	EndGlobalSection
	GlobalSection(ExtensibilityGlobals) = postSolution
		SolutionGuid = {0A733271-C0F4-4BC0-B566-959E9A76278D}
	EndGlobalSection
EndGlobal
